PODS:
  - shared (1.0)

DEPENDENCIES:
  - shared (from `../../Developer/SweatSketchShared/shared/shared.podspec`)

EXTERNAL SOURCES:
  shared:
    :path: "../../Developer/SweatSketchShared/shared/shared.podspec"

SPEC CHECKSUMS:
  shared: af00633f816d107239340168ab010d96eedc347f

PODFILE CHECKSUM: e7b3176034b16f9298797bf179fb2a6946722c25

COCOAPODS: 1.15.2
