// !$*UTF8*$!
{
	archiveVersion = 1;
	classes = {
	};
	objectVersion = 54;
	objects = {

/* Begin PBXBuildFile section */
		3F1936DF2B98CCAF007978CA /* WorkoutCarouselMainView.swift in Sources */ = {isa = PBXBuildFile; fileRef = 3F1936DE2B98CCAF007978CA /* WorkoutCarouselMainView.swift */; };
		3F2A8F3B2B16298E00F184ED /* WorkoutCarouselViewModel.swift in Sources */ = {isa = PBXBuildFile; fileRef = 3F2A8F3A2B16298E00F184ED /* WorkoutCarouselViewModel.swift */; };
		3F2A8F412B171BE500F184ED /* ExerciseEditTemporaryViewModel.swift in Sources */ = {isa = PBXBuildFile; fileRef = 3F2A8F402B171BE500F184ED /* ExerciseEditTemporaryViewModel.swift */; };
		3F2A8F432B1723EC00F184ED /* WorkoutEditTemporaryViewModel.swift in Sources */ = {isa = PBXBuildFile; fileRef = 3F2A8F422B1723EC00F184ED /* WorkoutEditTemporaryViewModel.swift */; };
		3F31A2E9264C0AD800DF3980 /* WorkoutCarouselCardView.swift in Sources */ = {isa = PBXBuildFile; fileRef = 3F31A2E8264C0AD700DF3980 /* WorkoutCarouselCardView.swift */; };
		3F4036A72BA48A9A001E0AF5 /* WorkoutEditCoordinator.swift in Sources */ = {isa = PBXBuildFile; fileRef = 3F4036A62BA48A9A001E0AF5 /* WorkoutEditCoordinator.swift */; };
		3F4AB5472BA9F9B9005836E7 /* ExerciseActionType.swift in Sources */ = {isa = PBXBuildFile; fileRef = 3F4AB5462BA9F9B9005836E7 /* ExerciseActionType.swift */; };
		3F4AB5492BA9F9D2005836E7 /* WeightType.swift in Sources */ = {isa = PBXBuildFile; fileRef = 3F4AB5482BA9F9D2005836E7 /* WeightType.swift */; };
		3F4AB54B2BAAC2D6005836E7 /* ExerciseEditCoordinator.swift in Sources */ = {isa = PBXBuildFile; fileRef = 3F4AB54A2BAAC2D6005836E7 /* ExerciseEditCoordinator.swift */; };
		3F4AB54E2BAAE36E005836E7 /* ExerciseActionListView.swift in Sources */ = {isa = PBXBuildFile; fileRef = 3F4AB54D2BAAE36E005836E7 /* ExerciseActionListView.swift */; };
		3F598CBA2B8F7F6B00117D59 /* CardBackgroundModifier.swift in Sources */ = {isa = PBXBuildFile; fileRef = 3F598CB92B8F7F6B00117D59 /* CardBackgroundModifier.swift */; };
		3F598CBC2B8F9BBC00117D59 /* AccentButtonLabelStyleModifier.swift in Sources */ = {isa = PBXBuildFile; fileRef = 3F598CBB2B8F9BBC00117D59 /* AccentButtonLabelStyleModifier.swift */; };
		3F598CBE2B8F9F1600117D59 /* Constants.swift in Sources */ = {isa = PBXBuildFile; fileRef = 3F598CBD2B8F9F1600117D59 /* Constants.swift */; };
		3F598CC22B8FAD7500117D59 /* BackgroundGradientView.swift in Sources */ = {isa = PBXBuildFile; fileRef = 3F598CC12B8FAD7500117D59 /* BackgroundGradientView.swift */; };
		3F6BDEDF26455E160079EC84 /* WorkoutDetailView.swift in Sources */ = {isa = PBXBuildFile; fileRef = 3F6BDEDE26455E160079EC84 /* WorkoutDetailView.swift */; };
		3F6BDEFB264572B40079EC84 /* ExerciseActionEditView.swift in Sources */ = {isa = PBXBuildFile; fileRef = 3F6BDEFA264572B40079EC84 /* ExerciseActionEditView.swift */; };
		3F866697264542D400124E44 /* SweatSketchApp.swift in Sources */ = {isa = PBXBuildFile; fileRef = 3F866696264542D400124E44 /* SweatSketchApp.swift */; };
		3F866699264542D400124E44 /* ContentView.swift in Sources */ = {isa = PBXBuildFile; fileRef = 3F866698264542D400124E44 /* ContentView.swift */; };
		3F86669B264542D600124E44 /* Assets.xcassets in Resources */ = {isa = PBXBuildFile; fileRef = 3F86669A264542D600124E44 /* Assets.xcassets */; };
		3F8666A0264542D600124E44 /* Persistence.swift in Sources */ = {isa = PBXBuildFile; fileRef = 3F86669F264542D600124E44 /* Persistence.swift */; };
		3F8666A3264542D600124E44 /* SweatSketchData.xcdatamodeld in Sources */ = {isa = PBXBuildFile; fileRef = 3F8666A1264542D600124E44 /* SweatSketchData.xcdatamodeld */; };
		3F8666AE26454C7C00124E44 /* ButtonLookAndFeel.swift in Sources */ = {isa = PBXBuildFile; fileRef = 3F8666AC26454C7C00124E44 /* ButtonLookAndFeel.swift */; };
		3F8666AF26454C7C00124E44 /* ColorExtension.swift in Sources */ = {isa = PBXBuildFile; fileRef = 3F8666AD26454C7C00124E44 /* ColorExtension.swift */; };
		3F8785BD264B3ADC007E533A /* ExerciseEditView.swift in Sources */ = {isa = PBXBuildFile; fileRef = 3F8785BC264B3ADC007E533A /* ExerciseEditView.swift */; };
		3F8D788F2B92DC9B006BFD18 /* SecondaryButtonLabelStyleModifier.swift in Sources */ = {isa = PBXBuildFile; fileRef = 3F8D788E2B92DC9B006BFD18 /* SecondaryButtonLabelStyleModifier.swift */; };
		3F8D78912B92DE19006BFD18 /* PrimaryButtonLabelModifier.swift in Sources */ = {isa = PBXBuildFile; fileRef = 3F8D78902B92DE19006BFD18 /* PrimaryButtonLabelModifier.swift */; };
		3F8F7F4B2653EC460003BBDA /* WorkoutListView.swift in Sources */ = {isa = PBXBuildFile; fileRef = 3F8F7F4A2653EC460003BBDA /* WorkoutListView.swift */; };
		3FA91226269DBDF400B941F3 /* SnapCarouselModifier.swift in Sources */ = {isa = PBXBuildFile; fileRef = 3FA91225269DBDF400B941F3 /* SnapCarouselModifier.swift */; };
		3FB7E6C32BA476E300ECAEDE /* WorkoutListCoordinator.swift in Sources */ = {isa = PBXBuildFile; fileRef = 3FB7E6C22BA476E300ECAEDE /* WorkoutListCoordinator.swift */; };
		3FC92D7E2BA9AF5700AFBCC8 /* ExerciseType.swift in Sources */ = {isa = PBXBuildFile; fileRef = 3FC92D7D2BA9AF5700AFBCC8 /* ExerciseType.swift */; };
		3FCE2C242BA1FC3B004B4E62 /* WorkoutListTemporaryViewModel.swift in Sources */ = {isa = PBXBuildFile; fileRef = 3FCE2C232BA1FC3B004B4E62 /* WorkoutListTemporaryViewModel.swift */; };
		3FCE2C282BA21DB6004B4E62 /* ApplicationCoordinator.swift in Sources */ = {isa = PBXBuildFile; fileRef = 3FCE2C272BA21DB6004B4E62 /* ApplicationCoordinator.swift */; };
		3FCE2C2A2BA21DD1004B4E62 /* Coordinator.swift in Sources */ = {isa = PBXBuildFile; fileRef = 3FCE2C292BA21DD1004B4E62 /* Coordinator.swift */; };
		3FCE2C2C2BA310EA004B4E62 /* WorkoutCarouselCoordinator.swift in Sources */ = {isa = PBXBuildFile; fileRef = 3FCE2C2B2BA310EA004B4E62 /* WorkoutCarouselCoordinator.swift */; };
		3FCE2C2F2BA4450D004B4E62 /* ApplicationCoordinatorRepresentable.swift in Sources */ = {isa = PBXBuildFile; fileRef = 3FCE2C2E2BA4450D004B4E62 /* ApplicationCoordinatorRepresentable.swift */; };
		3FF16B9C2B1086F900D5F610 /* ClearListBackgroundModifier.swift in Sources */ = {isa = PBXBuildFile; fileRef = 3FF16B9B2B1086F900D5F610 /* ClearListBackgroundModifier.swift */; };
		3FF16B9E2B109F5500D5F610 /* WorkoutEditView.swift in Sources */ = {isa = PBXBuildFile; fileRef = 3FF16B9D2B109F5500D5F610 /* WorkoutEditView.swift */; };
		3FF16BA02B10C15800D5F610 /* ExerciseView.swift in Sources */ = {isa = PBXBuildFile; fileRef = 3FF16B9F2B10C15800D5F610 /* ExerciseView.swift */; };
/* End PBXBuildFile section */

/* Begin PBXFileReference section */
		3F1936DE2B98CCAF007978CA /* WorkoutCarouselMainView.swift */ = {isa = PBXFileReference; lastKnownFileType = sourcecode.swift; path = WorkoutCarouselMainView.swift; sourceTree = "<group>"; };
		3F2A8F3A2B16298E00F184ED /* WorkoutCarouselViewModel.swift */ = {isa = PBXFileReference; lastKnownFileType = sourcecode.swift; path = WorkoutCarouselViewModel.swift; sourceTree = "<group>"; };
		3F2A8F402B171BE500F184ED /* ExerciseEditTemporaryViewModel.swift */ = {isa = PBXFileReference; lastKnownFileType = sourcecode.swift; path = ExerciseEditTemporaryViewModel.swift; sourceTree = "<group>"; };
		3F2A8F422B1723EC00F184ED /* WorkoutEditTemporaryViewModel.swift */ = {isa = PBXFileReference; lastKnownFileType = sourcecode.swift; path = WorkoutEditTemporaryViewModel.swift; sourceTree = "<group>"; };
		3F31A2E8264C0AD700DF3980 /* WorkoutCarouselCardView.swift */ = {isa = PBXFileReference; lastKnownFileType = sourcecode.swift; path = WorkoutCarouselCardView.swift; sourceTree = "<group>"; };
		3F4036A62BA48A9A001E0AF5 /* WorkoutEditCoordinator.swift */ = {isa = PBXFileReference; lastKnownFileType = sourcecode.swift; path = WorkoutEditCoordinator.swift; sourceTree = "<group>"; };
		3F4AB5462BA9F9B9005836E7 /* ExerciseActionType.swift */ = {isa = PBXFileReference; lastKnownFileType = sourcecode.swift; path = ExerciseActionType.swift; sourceTree = "<group>"; };
		3F4AB5482BA9F9D2005836E7 /* WeightType.swift */ = {isa = PBXFileReference; lastKnownFileType = sourcecode.swift; path = WeightType.swift; sourceTree = "<group>"; };
		3F4AB54A2BAAC2D6005836E7 /* ExerciseEditCoordinator.swift */ = {isa = PBXFileReference; lastKnownFileType = sourcecode.swift; path = ExerciseEditCoordinator.swift; sourceTree = "<group>"; };
		3F4AB54D2BAAE36E005836E7 /* ExerciseActionListView.swift */ = {isa = PBXFileReference; lastKnownFileType = sourcecode.swift; path = ExerciseActionListView.swift; sourceTree = "<group>"; };
		3F598CB92B8F7F6B00117D59 /* CardBackgroundModifier.swift */ = {isa = PBXFileReference; lastKnownFileType = sourcecode.swift; path = CardBackgroundModifier.swift; sourceTree = "<group>"; };
		3F598CBB2B8F9BBC00117D59 /* AccentButtonLabelStyleModifier.swift */ = {isa = PBXFileReference; lastKnownFileType = sourcecode.swift; path = AccentButtonLabelStyleModifier.swift; sourceTree = "<group>"; };
		3F598CBD2B8F9F1600117D59 /* Constants.swift */ = {isa = PBXFileReference; lastKnownFileType = sourcecode.swift; path = Constants.swift; sourceTree = "<group>"; };
		3F598CC12B8FAD7500117D59 /* BackgroundGradientView.swift */ = {isa = PBXFileReference; lastKnownFileType = sourcecode.swift; path = BackgroundGradientView.swift; sourceTree = "<group>"; };
		3F6BDEDE26455E160079EC84 /* WorkoutDetailView.swift */ = {isa = PBXFileReference; lastKnownFileType = sourcecode.swift; path = WorkoutDetailView.swift; sourceTree = "<group>"; };
		3F6BDEFA264572B40079EC84 /* ExerciseActionEditView.swift */ = {isa = PBXFileReference; lastKnownFileType = sourcecode.swift; path = ExerciseActionEditView.swift; sourceTree = "<group>"; };
		3F866693264542D400124E44 /* SweatSketch.app */ = {isa = PBXFileReference; explicitFileType = wrapper.application; includeInIndex = 0; path = SweatSketch.app; sourceTree = BUILT_PRODUCTS_DIR; };
		3F866696264542D400124E44 /* SweatSketchApp.swift */ = {isa = PBXFileReference; lastKnownFileType = sourcecode.swift; path = SweatSketchApp.swift; sourceTree = "<group>"; };
		3F866698264542D400124E44 /* ContentView.swift */ = {isa = PBXFileReference; lastKnownFileType = sourcecode.swift; path = ContentView.swift; sourceTree = "<group>"; };
		3F86669A264542D600124E44 /* Assets.xcassets */ = {isa = PBXFileReference; lastKnownFileType = folder.assetcatalog; path = Assets.xcassets; sourceTree = "<group>"; };
		3F86669F264542D600124E44 /* Persistence.swift */ = {isa = PBXFileReference; lastKnownFileType = sourcecode.swift; path = Persistence.swift; sourceTree = "<group>"; };
		3F8666A2264542D600124E44 /* MyWorkoutPlanner.xcdatamodel */ = {isa = PBXFileReference; lastKnownFileType = wrapper.xcdatamodel; path = MyWorkoutPlanner.xcdatamodel; sourceTree = "<group>"; };
		3F8666A4264542D600124E44 /* Info.plist */ = {isa = PBXFileReference; lastKnownFileType = text.plist.xml; path = Info.plist; sourceTree = "<group>"; };
		3F8666AC26454C7C00124E44 /* ButtonLookAndFeel.swift */ = {isa = PBXFileReference; fileEncoding = 4; lastKnownFileType = sourcecode.swift; path = ButtonLookAndFeel.swift; sourceTree = "<group>"; };
		3F8666AD26454C7C00124E44 /* ColorExtension.swift */ = {isa = PBXFileReference; fileEncoding = 4; lastKnownFileType = sourcecode.swift; path = ColorExtension.swift; sourceTree = "<group>"; };
		3F8785BC264B3ADC007E533A /* ExerciseEditView.swift */ = {isa = PBXFileReference; lastKnownFileType = sourcecode.swift; path = ExerciseEditView.swift; sourceTree = "<group>"; };
		3F8D788E2B92DC9B006BFD18 /* SecondaryButtonLabelStyleModifier.swift */ = {isa = PBXFileReference; lastKnownFileType = sourcecode.swift; path = SecondaryButtonLabelStyleModifier.swift; sourceTree = "<group>"; };
		3F8D78902B92DE19006BFD18 /* PrimaryButtonLabelModifier.swift */ = {isa = PBXFileReference; lastKnownFileType = sourcecode.swift; path = PrimaryButtonLabelModifier.swift; sourceTree = "<group>"; };
		3F8F7F4A2653EC460003BBDA /* WorkoutListView.swift */ = {isa = PBXFileReference; lastKnownFileType = sourcecode.swift; path = WorkoutListView.swift; sourceTree = "<group>"; };
		3FA91225269DBDF400B941F3 /* SnapCarouselModifier.swift */ = {isa = PBXFileReference; lastKnownFileType = sourcecode.swift; path = SnapCarouselModifier.swift; sourceTree = "<group>"; };
		3FB7E6C22BA476E300ECAEDE /* WorkoutListCoordinator.swift */ = {isa = PBXFileReference; lastKnownFileType = sourcecode.swift; path = WorkoutListCoordinator.swift; sourceTree = "<group>"; };
		3FC92D7D2BA9AF5700AFBCC8 /* ExerciseType.swift */ = {isa = PBXFileReference; lastKnownFileType = sourcecode.swift; path = ExerciseType.swift; sourceTree = "<group>"; };
		3FCE2C232BA1FC3B004B4E62 /* WorkoutListTemporaryViewModel.swift */ = {isa = PBXFileReference; lastKnownFileType = sourcecode.swift; path = WorkoutListTemporaryViewModel.swift; sourceTree = "<group>"; };
		3FCE2C272BA21DB6004B4E62 /* ApplicationCoordinator.swift */ = {isa = PBXFileReference; lastKnownFileType = sourcecode.swift; path = ApplicationCoordinator.swift; sourceTree = "<group>"; };
		3FCE2C292BA21DD1004B4E62 /* Coordinator.swift */ = {isa = PBXFileReference; lastKnownFileType = sourcecode.swift; path = Coordinator.swift; sourceTree = "<group>"; };
		3FCE2C2B2BA310EA004B4E62 /* WorkoutCarouselCoordinator.swift */ = {isa = PBXFileReference; lastKnownFileType = sourcecode.swift; path = WorkoutCarouselCoordinator.swift; sourceTree = "<group>"; };
		3FCE2C2E2BA4450D004B4E62 /* ApplicationCoordinatorRepresentable.swift */ = {isa = PBXFileReference; lastKnownFileType = sourcecode.swift; path = ApplicationCoordinatorRepresentable.swift; sourceTree = "<group>"; };
		3FF16B9B2B1086F900D5F610 /* ClearListBackgroundModifier.swift */ = {isa = PBXFileReference; lastKnownFileType = sourcecode.swift; path = ClearListBackgroundModifier.swift; sourceTree = "<group>"; };
		3FF16B9D2B109F5500D5F610 /* WorkoutEditView.swift */ = {isa = PBXFileReference; lastKnownFileType = sourcecode.swift; path = WorkoutEditView.swift; sourceTree = "<group>"; };
		3FF16B9F2B10C15800D5F610 /* ExerciseView.swift */ = {isa = PBXFileReference; lastKnownFileType = sourcecode.swift; path = ExerciseView.swift; sourceTree = "<group>"; };
/* End PBXFileReference section */

/* Begin PBXFrameworksBuildPhase section */
		3F866690264542D400124E44 /* Frameworks */ = {
			isa = PBXFrameworksBuildPhase;
			buildActionMask = 2147483647;
			files = (
			);
			runOnlyForDeploymentPostprocessing = 0;
		};
/* End PBXFrameworksBuildPhase section */

/* Begin PBXGroup section */
		3F1936DB2B98CA7B007978CA /* Coordinators */ = {
			isa = PBXGroup;
			children = (
				3FCE2C2E2BA4450D004B4E62 /* ApplicationCoordinatorRepresentable.swift */,
				3FCE2C272BA21DB6004B4E62 /* ApplicationCoordinator.swift */,
				3FCE2C2B2BA310EA004B4E62 /* WorkoutCarouselCoordinator.swift */,
				3FB7E6C22BA476E300ECAEDE /* WorkoutListCoordinator.swift */,
				3F4036A62BA48A9A001E0AF5 /* WorkoutEditCoordinator.swift */,
				3F4AB54A2BAAC2D6005836E7 /* ExerciseEditCoordinator.swift */,
			);
			path = Coordinators;
			sourceTree = "<group>";
		};
		3F2A8F3C2B16299900F184ED /* ViewModels */ = {
			isa = PBXGroup;
			children = (
				3F2A8F3A2B16298E00F184ED /* WorkoutCarouselViewModel.swift */,
				3FCE2C232BA1FC3B004B4E62 /* WorkoutListTemporaryViewModel.swift */,
				3F2A8F422B1723EC00F184ED /* WorkoutEditTemporaryViewModel.swift */,
				3F2A8F402B171BE500F184ED /* ExerciseEditTemporaryViewModel.swift */,
			);
			path = ViewModels;
			sourceTree = "<group>";
		};
		3F4795282BA9869C0097E1EE /* Views */ = {
			isa = PBXGroup;
			children = (
				3F866698264542D400124E44 /* ContentView.swift */,
				3F4795292BA986AF0097E1EE /* Workouts */,
				3F47952A2BA986BB0097E1EE /* Exercises */,
				3F4AB54C2BAAE32C005836E7 /* Actions */,
			);
			path = Views;
			sourceTree = "<group>";
		};
		3F4795292BA986AF0097E1EE /* Workouts */ = {
			isa = PBXGroup;
			children = (
				3F1936DE2B98CCAF007978CA /* WorkoutCarouselMainView.swift */,
				3F31A2E8264C0AD700DF3980 /* WorkoutCarouselCardView.swift */,
				3F6BDEDE26455E160079EC84 /* WorkoutDetailView.swift */,
				3F8F7F4A2653EC460003BBDA /* WorkoutListView.swift */,
				3FF16B9D2B109F5500D5F610 /* WorkoutEditView.swift */,
			);
			path = Workouts;
			sourceTree = "<group>";
		};
		3F47952A2BA986BB0097E1EE /* Exercises */ = {
			isa = PBXGroup;
			children = (
				3FF16B9F2B10C15800D5F610 /* ExerciseView.swift */,
				3F8785BC264B3ADC007E533A /* ExerciseEditView.swift */,
			);
			path = Exercises;
			sourceTree = "<group>";
		};
		3F4AB54C2BAAE32C005836E7 /* Actions */ = {
			isa = PBXGroup;
			children = (
				3F4AB54D2BAAE36E005836E7 /* ExerciseActionListView.swift */,
				3F6BDEFA264572B40079EC84 /* ExerciseActionEditView.swift */,
			);
			path = Actions;
			sourceTree = "<group>";
		};
		3F86668A264542D300124E44 = {
			isa = PBXGroup;
			children = (
				3F866695264542D400124E44 /* SweatSketch */,
				3F866694264542D400124E44 /* Products */,
			);
			sourceTree = "<group>";
		};
		3F866694264542D400124E44 /* Products */ = {
			isa = PBXGroup;
			children = (
				3F866693264542D400124E44 /* SweatSketch.app */,
			);
			name = Products;
			sourceTree = "<group>";
		};
		3F866695264542D400124E44 /* SweatSketch */ = {
			isa = PBXGroup;
			children = (
				3F866696264542D400124E44 /* SweatSketchApp.swift */,
				3FC92D7C2BA9AF4400AFBCC8 /* Model */,
				3F4795282BA9869C0097E1EE /* Views */,
				3F2A8F3C2B16299900F184ED /* ViewModels */,
				3F1936DB2B98CA7B007978CA /* Coordinators */,
				3FCE2C2D2BA42BDD004B4E62 /* Protocols */,
				3F86669A264542D600124E44 /* Assets.xcassets */,
				3F8666A4264542D600124E44 /* Info.plist */,
				3F8666A1264542D600124E44 /* SweatSketchData.xcdatamodeld */,
				3F8666B026454C8300124E44 /* Helpers */,
				3F86669C264542D600124E44 /* Preview Content */,
			);
			path = SweatSketch;
			sourceTree = "<group>";
		};
		3F86669C264542D600124E44 /* Preview Content */ = {
			isa = PBXGroup;
			children = (
			);
			name = "Preview Content";
			sourceTree = "<group>";
		};
		3F8666B026454C8300124E44 /* Helpers */ = {
			isa = PBXGroup;
			children = (
				3F8666AC26454C7C00124E44 /* ButtonLookAndFeel.swift */,
				3F8666AD26454C7C00124E44 /* ColorExtension.swift */,
				3FA91225269DBDF400B941F3 /* SnapCarouselModifier.swift */,
				3FF16B9B2B1086F900D5F610 /* ClearListBackgroundModifier.swift */,
				3F598CB92B8F7F6B00117D59 /* CardBackgroundModifier.swift */,
				3F598CBB2B8F9BBC00117D59 /* AccentButtonLabelStyleModifier.swift */,
				3F8D78902B92DE19006BFD18 /* PrimaryButtonLabelModifier.swift */,
				3F8D788E2B92DC9B006BFD18 /* SecondaryButtonLabelStyleModifier.swift */,
				3F598CBD2B8F9F1600117D59 /* Constants.swift */,
				3F598CC12B8FAD7500117D59 /* BackgroundGradientView.swift */,
			);
			path = Helpers;
			sourceTree = "<group>";
		};
		3FC92D7C2BA9AF4400AFBCC8 /* Model */ = {
			isa = PBXGroup;
			children = (
				3F86669F264542D600124E44 /* Persistence.swift */,
				3FC92D7D2BA9AF5700AFBCC8 /* ExerciseType.swift */,
				3F4AB5462BA9F9B9005836E7 /* ExerciseActionType.swift */,
				3F4AB5482BA9F9D2005836E7 /* WeightType.swift */,
			);
			path = Model;
			sourceTree = "<group>";
		};
		3FCE2C2D2BA42BDD004B4E62 /* Protocols */ = {
			isa = PBXGroup;
			children = (
				3FCE2C292BA21DD1004B4E62 /* Coordinator.swift */,
			);
			path = Protocols;
			sourceTree = "<group>";
		};
/* End PBXGroup section */

/* Begin PBXNativeTarget section */
		3F866692264542D400124E44 /* SweatSketch */ = {
			isa = PBXNativeTarget;
			buildConfigurationList = 3F8666A7264542D600124E44 /* Build configuration list for PBXNativeTarget "SweatSketch" */;
			buildPhases = (
				3F86668F264542D400124E44 /* Sources */,
				3F866690264542D400124E44 /* Frameworks */,
				3F866691264542D400124E44 /* Resources */,
			);
			buildRules = (
			);
			dependencies = (
			);
			name = SweatSketch;
			productName = MyWorkoutPlanner;
			productReference = 3F866693264542D400124E44 /* SweatSketch.app */;
			productType = "com.apple.product-type.application";
		};
/* End PBXNativeTarget section */

/* Begin PBXProject section */
		3F86668B264542D300124E44 /* Project object */ = {
			isa = PBXProject;
			attributes = {
				BuildIndependentTargetsInParallel = YES;
				LastSwiftUpdateCheck = 1250;
				LastUpgradeCheck = 1530;
				TargetAttributes = {
					3F866692264542D400124E44 = {
						CreatedOnToolsVersion = 12.5;
					};
				};
			};
			buildConfigurationList = 3F86668E264542D300124E44 /* Build configuration list for PBXProject "SweatSketch" */;
			compatibilityVersion = "Xcode 9.3";
			developmentRegion = en;
			hasScannedForEncodings = 0;
			knownRegions = (
				en,
				Base,
			);
			mainGroup = 3F86668A264542D300124E44;
			productRefGroup = 3F866694264542D400124E44 /* Products */;
			projectDirPath = "";
			projectRoot = "";
			targets = (
				3F866692264542D400124E44 /* SweatSketch */,
			);
		};
/* End PBXProject section */

/* Begin PBXResourcesBuildPhase section */
		3F866691264542D400124E44 /* Resources */ = {
			isa = PBXResourcesBuildPhase;
			buildActionMask = 2147483647;
			files = (
				3F86669B264542D600124E44 /* Assets.xcassets in Resources */,
			);
			runOnlyForDeploymentPostprocessing = 0;
		};
/* End PBXResourcesBuildPhase section */

/* Begin PBXSourcesBuildPhase section */
		3F86668F264542D400124E44 /* Sources */ = {
			isa = PBXSourcesBuildPhase;
			buildActionMask = 2147483647;
			files = (
				3F8785BD264B3ADC007E533A /* ExerciseEditView.swift in Sources */,
				3F8666A0264542D600124E44 /* Persistence.swift in Sources */,
				3FA91226269DBDF400B941F3 /* SnapCarouselModifier.swift in Sources */,
				3F2A8F412B171BE500F184ED /* ExerciseEditTemporaryViewModel.swift in Sources */,
				3FCE2C242BA1FC3B004B4E62 /* WorkoutListTemporaryViewModel.swift in Sources */,
				3F4AB5472BA9F9B9005836E7 /* ExerciseActionType.swift in Sources */,
				3FCE2C2C2BA310EA004B4E62 /* WorkoutCarouselCoordinator.swift in Sources */,
				3F8D78912B92DE19006BFD18 /* PrimaryButtonLabelModifier.swift in Sources */,
				3F866699264542D400124E44 /* ContentView.swift in Sources */,
				3FCE2C2F2BA4450D004B4E62 /* ApplicationCoordinatorRepresentable.swift in Sources */,
				3F4AB54B2BAAC2D6005836E7 /* ExerciseEditCoordinator.swift in Sources */,
				3FF16B9C2B1086F900D5F610 /* ClearListBackgroundModifier.swift in Sources */,
				3F2A8F432B1723EC00F184ED /* WorkoutEditTemporaryViewModel.swift in Sources */,
				3F8666A3264542D600124E44 /* SweatSketchData.xcdatamodeld in Sources */,
				3F6BDEFB264572B40079EC84 /* ExerciseActionEditView.swift in Sources */,
				3F6BDEDF26455E160079EC84 /* WorkoutDetailView.swift in Sources */,
				3F2A8F3B2B16298E00F184ED /* WorkoutCarouselViewModel.swift in Sources */,
				3F598CBE2B8F9F1600117D59 /* Constants.swift in Sources */,
				3F4036A72BA48A9A001E0AF5 /* WorkoutEditCoordinator.swift in Sources */,
				3FCE2C282BA21DB6004B4E62 /* ApplicationCoordinator.swift in Sources */,
				3F4AB54E2BAAE36E005836E7 /* ExerciseActionListView.swift in Sources */,
				3F598CC22B8FAD7500117D59 /* BackgroundGradientView.swift in Sources */,
				3F31A2E9264C0AD800DF3980 /* WorkoutCarouselCardView.swift in Sources */,
				3F1936DF2B98CCAF007978CA /* WorkoutCarouselMainView.swift in Sources */,
				3F8D788F2B92DC9B006BFD18 /* SecondaryButtonLabelStyleModifier.swift in Sources */,
				3FF16BA02B10C15800D5F610 /* ExerciseView.swift in Sources */,
				3FB7E6C32BA476E300ECAEDE /* WorkoutListCoordinator.swift in Sources */,
				3FCE2C2A2BA21DD1004B4E62 /* Coordinator.swift in Sources */,
				3F598CBA2B8F7F6B00117D59 /* CardBackgroundModifier.swift in Sources */,
				3FC92D7E2BA9AF5700AFBCC8 /* ExerciseType.swift in Sources */,
				3F8F7F4B2653EC460003BBDA /* WorkoutListView.swift in Sources */,
				3F8666AE26454C7C00124E44 /* ButtonLookAndFeel.swift in Sources */,
				3F598CBC2B8F9BBC00117D59 /* AccentButtonLabelStyleModifier.swift in Sources */,
				3F8666AF26454C7C00124E44 /* ColorExtension.swift in Sources */,
				3F4AB5492BA9F9D2005836E7 /* WeightType.swift in Sources */,
				3FF16B9E2B109F5500D5F610 /* WorkoutEditView.swift in Sources */,
				3F866697264542D400124E44 /* SweatSketchApp.swift in Sources */,
			);
			runOnlyForDeploymentPostprocessing = 0;
		};
/* End PBXSourcesBuildPhase section */

/* Begin XCBuildConfiguration section */
		3F8666A5264542D600124E44 /* Debug */ = {
			isa = XCBuildConfiguration;
			buildSettings = {
				ALWAYS_SEARCH_USER_PATHS = NO;
				ASSETCATALOG_COMPILER_GENERATE_SWIFT_ASSET_SYMBOL_EXTENSIONS = YES;
				CLANG_ANALYZER_NONNULL = YES;
				CLANG_ANALYZER_NUMBER_OBJECT_CONVERSION = YES_AGGRESSIVE;
				CLANG_CXX_LANGUAGE_STANDARD = "gnu++14";
				CLANG_CXX_LIBRARY = "libc++";
				CLANG_ENABLE_MODULES = YES;
				CLANG_ENABLE_OBJC_ARC = YES;
				CLANG_ENABLE_OBJC_WEAK = YES;
				CLANG_WARN_BLOCK_CAPTURE_AUTORELEASING = YES;
				CLANG_WARN_BOOL_CONVERSION = YES;
				CLANG_WARN_COMMA = YES;
				CLANG_WARN_CONSTANT_CONVERSION = YES;
				CLANG_WARN_DEPRECATED_OBJC_IMPLEMENTATIONS = YES;
				CLANG_WARN_DIRECT_OBJC_ISA_USAGE = YES_ERROR;
				CLANG_WARN_DOCUMENTATION_COMMENTS = YES;
				CLANG_WARN_EMPTY_BODY = YES;
				CLANG_WARN_ENUM_CONVERSION = YES;
				CLANG_WARN_INFINITE_RECURSION = YES;
				CLANG_WARN_INT_CONVERSION = YES;
				CLANG_WARN_NON_LITERAL_NULL_CONVERSION = YES;
				CLANG_WARN_OBJC_IMPLICIT_RETAIN_SELF = YES;
				CLANG_WARN_OBJC_LITERAL_CONVERSION = YES;
				CLANG_WARN_OBJC_ROOT_CLASS = YES_ERROR;
				CLANG_WARN_QUOTED_INCLUDE_IN_FRAMEWORK_HEADER = YES;
				CLANG_WARN_RANGE_LOOP_ANALYSIS = YES;
				CLANG_WARN_STRICT_PROTOTYPES = YES;
				CLANG_WARN_SUSPICIOUS_MOVE = YES;
				CLANG_WARN_UNGUARDED_AVAILABILITY = YES_AGGRESSIVE;
				CLANG_WARN_UNREACHABLE_CODE = YES;
				CLANG_WARN__DUPLICATE_METHOD_MATCH = YES;
				COPY_PHASE_STRIP = NO;
				DEBUG_INFORMATION_FORMAT = dwarf;
				ENABLE_STRICT_OBJC_MSGSEND = YES;
				ENABLE_TESTABILITY = YES;
				ENABLE_USER_SCRIPT_SANDBOXING = YES;
				GCC_C_LANGUAGE_STANDARD = gnu11;
				GCC_DYNAMIC_NO_PIC = NO;
				GCC_NO_COMMON_BLOCKS = YES;
				GCC_OPTIMIZATION_LEVEL = 0;
				GCC_PREPROCESSOR_DEFINITIONS = (
					"DEBUG=1",
					"$(inherited)",
				);
				GCC_WARN_64_TO_32_BIT_CONVERSION = YES;
				GCC_WARN_ABOUT_RETURN_TYPE = YES_ERROR;
				GCC_WARN_UNDECLARED_SELECTOR = YES;
				GCC_WARN_UNINITIALIZED_AUTOS = YES_AGGRESSIVE;
				GCC_WARN_UNUSED_FUNCTION = YES;
				GCC_WARN_UNUSED_VARIABLE = YES;
				IPHONEOS_DEPLOYMENT_TARGET = 14.5;
				MTL_ENABLE_DEBUG_INFO = INCLUDE_SOURCE;
				MTL_FAST_MATH = YES;
				ONLY_ACTIVE_ARCH = YES;
				SDKROOT = iphoneos;
				SWIFT_ACTIVE_COMPILATION_CONDITIONS = DEBUG;
				SWIFT_OPTIMIZATION_LEVEL = "-Onone";
			};
			name = Debug;
		};
		3F8666A6264542D600124E44 /* Release */ = {
			isa = XCBuildConfiguration;
			buildSettings = {
				ALWAYS_SEARCH_USER_PATHS = NO;
				ASSETCATALOG_COMPILER_GENERATE_SWIFT_ASSET_SYMBOL_EXTENSIONS = YES;
				CLANG_ANALYZER_NONNULL = YES;
				CLANG_ANALYZER_NUMBER_OBJECT_CONVERSION = YES_AGGRESSIVE;
				CLANG_CXX_LANGUAGE_STANDARD = "gnu++14";
				CLANG_CXX_LIBRARY = "libc++";
				CLANG_ENABLE_MODULES = YES;
				CLANG_ENABLE_OBJC_ARC = YES;
				CLANG_ENABLE_OBJC_WEAK = YES;
				CLANG_WARN_BLOCK_CAPTURE_AUTORELEASING = YES;
				CLANG_WARN_BOOL_CONVERSION = YES;
				CLANG_WARN_COMMA = YES;
				CLANG_WARN_CONSTANT_CONVERSION = YES;
				CLANG_WARN_DEPRECATED_OBJC_IMPLEMENTATIONS = YES;
				CLANG_WARN_DIRECT_OBJC_ISA_USAGE = YES_ERROR;
				CLANG_WARN_DOCUMENTATION_COMMENTS = YES;
				CLANG_WARN_EMPTY_BODY = YES;
				CLANG_WARN_ENUM_CONVERSION = YES;
				CLANG_WARN_INFINITE_RECURSION = YES;
				CLANG_WARN_INT_CONVERSION = YES;
				CLANG_WARN_NON_LITERAL_NULL_CONVERSION = YES;
				CLANG_WARN_OBJC_IMPLICIT_RETAIN_SELF = YES;
				CLANG_WARN_OBJC_LITERAL_CONVERSION = YES;
				CLANG_WARN_OBJC_ROOT_CLASS = YES_ERROR;
				CLANG_WARN_QUOTED_INCLUDE_IN_FRAMEWORK_HEADER = YES;
				CLANG_WARN_RANGE_LOOP_ANALYSIS = YES;
				CLANG_WARN_STRICT_PROTOTYPES = YES;
				CLANG_WARN_SUSPICIOUS_MOVE = YES;
				CLANG_WARN_UNGUARDED_AVAILABILITY = YES_AGGRESSIVE;
				CLANG_WARN_UNREACHABLE_CODE = YES;
				CLANG_WARN__DUPLICATE_METHOD_MATCH = YES;
				COPY_PHASE_STRIP = NO;
				DEBUG_INFORMATION_FORMAT = "dwarf-with-dsym";
				ENABLE_NS_ASSERTIONS = NO;
				ENABLE_STRICT_OBJC_MSGSEND = YES;
				ENABLE_USER_SCRIPT_SANDBOXING = YES;
				GCC_C_LANGUAGE_STANDARD = gnu11;
				GCC_NO_COMMON_BLOCKS = YES;
				GCC_WARN_64_TO_32_BIT_CONVERSION = YES;
				GCC_WARN_ABOUT_RETURN_TYPE = YES_ERROR;
				GCC_WARN_UNDECLARED_SELECTOR = YES;
				GCC_WARN_UNINITIALIZED_AUTOS = YES_AGGRESSIVE;
				GCC_WARN_UNUSED_FUNCTION = YES;
				GCC_WARN_UNUSED_VARIABLE = YES;
				IPHONEOS_DEPLOYMENT_TARGET = 14.5;
				MTL_ENABLE_DEBUG_INFO = NO;
				MTL_FAST_MATH = YES;
				SDKROOT = iphoneos;
				SWIFT_COMPILATION_MODE = wholemodule;
				SWIFT_OPTIMIZATION_LEVEL = "-O";
				VALIDATE_PRODUCT = YES;
			};
			name = Release;
		};
		3F8666A8264542D600124E44 /* Debug */ = {
			isa = XCBuildConfiguration;
			buildSettings = {
				ASSETCATALOG_COMPILER_APPICON_NAME = AppIcon;
				ASSETCATALOG_COMPILER_GLOBAL_ACCENT_COLOR_NAME = AccentColor;
				CODE_SIGN_STYLE = Automatic;
				DEVELOPMENT_ASSET_PATHS = "\"SweatSketch/Preview Content\"";
				ENABLE_PREVIEWS = YES;
				INFOPLIST_FILE = SweatSketch/Info.plist;
				IPHONEOS_DEPLOYMENT_TARGET = 14.0;
				LD_RUNPATH_SEARCH_PATHS = (
					"$(inherited)",
					"@executable_path/Frameworks",
				);
				PRODUCT_BUNDLE_IDENTIFIER = pro.aibar.SweatSketch;
				PRODUCT_NAME = "$(TARGET_NAME)";
				SWIFT_VERSION = 5.0;
				TARGETED_DEVICE_FAMILY = "1,2";
			};
			name = Debug;
		};
		3F8666A9264542D600124E44 /* Release */ = {
			isa = XCBuildConfiguration;
			buildSettings = {
				ASSETCATALOG_COMPILER_APPICON_NAME = AppIcon;
				ASSETCATALOG_COMPILER_GLOBAL_ACCENT_COLOR_NAME = AccentColor;
				CODE_SIGN_STYLE = Automatic;
				DEVELOPMENT_ASSET_PATHS = "\"SweatSketch/Preview Content\"";
				ENABLE_PREVIEWS = YES;
				INFOPLIST_FILE = SweatSketch/Info.plist;
				IPHONEOS_DEPLOYMENT_TARGET = 14.0;
				LD_RUNPATH_SEARCH_PATHS = (
					"$(inherited)",
					"@executable_path/Frameworks",
				);
				PRODUCT_BUNDLE_IDENTIFIER = pro.aibar.SweatSketch;
				PRODUCT_NAME = "$(TARGET_NAME)";
				SWIFT_VERSION = 5.0;
				TARGETED_DEVICE_FAMILY = "1,2";
			};
			name = Release;
		};
/* End XCBuildConfiguration section */

/* Begin XCConfigurationList section */
		3F86668E264542D300124E44 /* Build configuration list for PBXProject "SweatSketch" */ = {
			isa = XCConfigurationList;
			buildConfigurations = (
				3F8666A5264542D600124E44 /* Debug */,
				3F8666A6264542D600124E44 /* Release */,
			);
			defaultConfigurationIsVisible = 0;
			defaultConfigurationName = Release;
		};
		3F8666A7264542D600124E44 /* Build configuration list for PBXNativeTarget "SweatSketch" */ = {
			isa = XCConfigurationList;
			buildConfigurations = (
				3F8666A8264542D600124E44 /* Debug */,
				3F8666A9264542D600124E44 /* Release */,
			);
			defaultConfigurationIsVisible = 0;
			defaultConfigurationName = Release;
		};
/* End XCConfigurationList section */

/* Begin XCVersionGroup section */
		3F8666A1264542D600124E44 /* SweatSketchData.xcdatamodeld */ = {
			isa = XCVersionGroup;
			children = (
				3F8666A2264542D600124E44 /* MyWorkoutPlanner.xcdatamodel */,
			);
			currentVersion = 3F8666A2264542D600124E44 /* MyWorkoutPlanner.xcdatamodel */;
			path = SweatSketchData.xcdatamodeld;
			sourceTree = "<group>";
			versionGroupType = wrapper.xcdatamodel;
		};
/* End XCVersionGroup section */
	};
	rootObject = 3F86668B264542D300124E44 /* Project object */;
}
